
Microsoft Visual Studio Solution File, Format Version 12.00
# Visual Studio 15
VisualStudioVersion = 15.0.28307.1000
MinimumVisualStudioVersion = 10.0.40219.1
Project("{FAE04EC0-301F-11D3-BF4B-00C04F79EFBC}") = "sis_vendas", "sis_vendas\sis_vendas.csproj", "{4D5B20D2-EA79-4CAD-ADAD-9FB1AF662E65}"
EndProject
Global
	GlobalSection(SolutionConfigurationPlatforms) = preSolution
		Debug|Any CPU = Debug|Any CPU
		Release|Any CPU = Release|Any CPU
	EndGlobalSection
	GlobalSection(ProjectConfigurationPlatforms) = postSolution
		{4D5B20D2-EA79-4CAD-ADAD-9FB1AF662E65}.Debug|Any CPU.ActiveCfg = Debug|Any CPU
		{4D5B20D2-EA79-4CAD-ADAD-9FB1AF662E65}.Debug|Any CPU.Build.0 = Debug|Any CPU
		{4D5B20D2-EA79-4CAD-ADAD-9FB1AF662E65}.Release|Any CPU.ActiveCfg = Release|Any CPU
		{4D5B20D2-EA79-4CAD-ADAD-9FB1AF662E65}.Release|Any CPU.Build.0 = Release|Any CPU
	EndGlobalSection
	GlobalSection(SolutionProperties) = preSolution
		HideSolutionNode = FALSE
	EndGlobalSection
	GlobalSection(ExtensibilityGlobals) = postSolution
		SolutionGuid = {663EE9E7-C362-4064-A691-B05169CE8B77}
	EndGlobalSection
EndGlobal
